
Microsoft Visual Studio Solution File, Format Version 12.00
# Visual Studio Version 16
VisualStudioVersion = 16.0.32228.343
MinimumVisualStudioVersion = 10.0.40219.1
Project("{FAE04EC0-301F-11D3-BF4B-00C04F79EFBC}") = "BibliothequeClassesVSC", "BibliothequeClassesVSC\BibliothequeClassesVSC.csproj", "{5FA248D7-1D05-4051-807A-01AEB4E39AF7}"
EndProject
Project("{FAE04EC0-301F-11D3-BF4B-00C04F79EFBC}") = "VuesVSC", "VuesVSC\VuesVSC.csproj", "{67BF6207-D4D6-44B8-BD81-35157C4647EE}"
EndProject
Global
	GlobalSection(SolutionConfigurationPlatforms) = preSolution
		Debug|Any CPU = Debug|Any CPU
		Release|Any CPU = Release|Any CPU
	EndGlobalSection
	GlobalSection(ProjectConfigurationPlatforms) = postSolution
		{5FA248D7-1D05-4051-807A-01AEB4E39AF7}.Debug|Any CPU.ActiveCfg = Debug|Any CPU
		{5FA248D7-1D05-4051-807A-01AEB4E39AF7}.Debug|Any CPU.Build.0 = Debug|Any CPU
		{5FA248D7-1D05-4051-807A-01AEB4E39AF7}.Release|Any CPU.ActiveCfg = Release|Any CPU
		{5FA248D7-1D05-4051-807A-01AEB4E39AF7}.Release|Any CPU.Build.0 = Release|Any CPU
		{67BF6207-D4D6-44B8-BD81-35157C4647EE}.Debug|Any CPU.ActiveCfg = Debug|Any CPU
		{67BF6207-D4D6-44B8-BD81-35157C4647EE}.Debug|Any CPU.Build.0 = Debug|Any CPU
		{67BF6207-D4D6-44B8-BD81-35157C4647EE}.Release|Any CPU.ActiveCfg = Release|Any CPU
		{67BF6207-D4D6-44B8-BD81-35157C4647EE}.Release|Any CPU.Build.0 = Release|Any CPU
	EndGlobalSection
	GlobalSection(SolutionProperties) = preSolution
		HideSolutionNode = FALSE
	EndGlobalSection
	GlobalSection(ExtensibilityGlobals) = postSolution
		SolutionGuid = {CABC7A9C-57AC-4252-94FF-28E2B642C3E7}
	EndGlobalSection
EndGlobal
